
Microsoft Visual Studio Solution File, Format Version 12.00
# Visual Studio Version 17
VisualStudioVersion = 17.5.33424.131
MinimumVisualStudioVersion = 10.0.40219.1
Project("{FAE04EC0-301F-11D3-BF4B-00C04F79EFBC}") = "projetC#BD", "projetC#BD\projetC#BD.csproj", "{D5DF15C6-2AB7-43EE-BED6-C88E054E53B6}"
EndProject
Global
	GlobalSection(SolutionConfigurationPlatforms) = preSolution
		Debug|Any CPU = Debug|Any CPU
		Release|Any CPU = Release|Any CPU
	EndGlobalSection
	GlobalSection(ProjectConfigurationPlatforms) = postSolution
		{D5DF15C6-2AB7-43EE-BED6-C88E054E53B6}.Debug|Any CPU.ActiveCfg = Debug|Any CPU
		{D5DF15C6-2AB7-43EE-BED6-C88E054E53B6}.Debug|Any CPU.Build.0 = Debug|Any CPU
		{D5DF15C6-2AB7-43EE-BED6-C88E054E53B6}.Release|Any CPU.ActiveCfg = Release|Any CPU
		{D5DF15C6-2AB7-43EE-BED6-C88E054E53B6}.Release|Any CPU.Build.0 = Release|Any CPU
	EndGlobalSection
	GlobalSection(SolutionProperties) = preSolution
		HideSolutionNode = FALSE
	EndGlobalSection
	GlobalSection(ExtensibilityGlobals) = postSolution
		SolutionGuid = {203CFA23-459B-45BA-B482-561D495776CF}
	EndGlobalSection
EndGlobal
